{
  "name": "non-blocking",
  "lockfileVersion": 2,
  "requires": true,
  "packages": {
    "": {
      "dependencies": {
        "workerpool": "^6.3.1"
      }
    },
    "node_modules/workerpool": {
      "version": "6.3.1",
      "resolved": "https://registry.npmjs.org/workerpool/-/workerpool-6.3.1.tgz",
      "integrity": "sha512-0x7gJm1rhpn5SPG9NENOxPtbfUZZtK/qOg6gEdSqeDBA3dTeR91RJqSPjccPRCkhNfrnnl/dWxSSj5w9CtdzNA=="
    }
  },
  "dependencies": {
    "workerpool": {
      "version": "6.3.1",
      "resolved": "https://registry.npmjs.org/workerpool/-/workerpool-6.3.1.tgz",
      "integrity": "sha512-0x7gJm1rhpn5SPG9NENOxPtbfUZZtK/qOg6gEdSqeDBA3dTeR91RJqSPjccPRCkhNfrnnl/dWxSSj5w9CtdzNA=="
    }
  }
}
